
Microsoft Visual Studio Solution File, Format Version 12.00
# Visual Studio Version 16
VisualStudioVersion = 16.0.30406.217
MinimumVisualStudioVersion = 10.0.40219.1
Project("{FAE04EC0-301F-11D3-BF4B-00C04F79EFBC}") = "TodoApi", "TodoApi.csproj", "{1C6A23E3-E6A3-41ED-A13E-7E3C1FADC8B4}"
EndProject
Global
	GlobalSection(SolutionConfigurationPlatforms) = preSolution
		Debug|Any CPU = Debug|Any CPU
		Release|Any CPU = Release|Any CPU
	EndGlobalSection
	GlobalSection(ProjectConfigurationPlatforms) = postSolution
		{1C6A23E3-E6A3-41ED-A13E-7E3C1FADC8B4}.Debug|Any CPU.ActiveCfg = Debug|Any CPU
		{1C6A23E3-E6A3-41ED-A13E-7E3C1FADC8B4}.Debug|Any CPU.Build.0 = Debug|Any CPU
		{1C6A23E3-E6A3-41ED-A13E-7E3C1FADC8B4}.Release|Any CPU.ActiveCfg = Release|Any CPU
		{1C6A23E3-E6A3-41ED-A13E-7E3C1FADC8B4}.Release|Any CPU.Build.0 = Release|Any CPU
	EndGlobalSection
	GlobalSection(SolutionProperties) = preSolution
		HideSolutionNode = FALSE
	EndGlobalSection
	GlobalSection(ExtensibilityGlobals) = postSolution
		SolutionGuid = {E6CC69DE-6F63-4C6C-9F34-6CBE0C6AE404}
	EndGlobalSection
EndGlobal
